{
  "nodes": {
    "cargo-leptos-src": {
      "flake": false,
      "locked": {
        "lastModified": 1741740520,
        "narHash": "sha256-vr1wBON1Mtuqowu0zRNjmdcCl6MfB1mgkqb8BRSalPY=",
        "owner": "leptos-rs",
        "repo": "cargo-leptos",
        "rev": "462d59d1dbabadcecd06eda5b1dd3c7af70839f9",
        "type": "github"
      },
      "original": {
        "owner": "leptos-rs",
        "repo": "cargo-leptos",
        "type": "github"
      }
    },
    "flake-utils": {
      "inputs": {
        "systems": "systems"
      },
      "locked": {
        "lastModified": 1731533236,
        "narHash": "sha256-l0KFg5HjrsfsO/JpG+r7fRrqm12kzFHyUHqHCVpMMbI=",
        "owner": "numtide",
        "repo": "flake-utils",
        "rev": "11707dc2f618dd54ca8739b309ec4fc024de578b",
        "type": "github"
      },
      "original": {
        "owner": "numtide",
        "repo": "flake-utils",
        "type": "github"
      }
    },
    "flake-utils_2": {
      "inputs": {
        "systems": "systems_2"
      },
      "locked": {
        "lastModified": 1731533236,
        "narHash": "sha256-l0KFg5HjrsfsO/JpG+r7fRrqm12kzFHyUHqHCVpMMbI=",
        "owner": "numtide",
        "repo": "flake-utils",
        "rev": "11707dc2f618dd54ca8739b309ec4fc024de578b",
        "type": "github"
      },
      "original": {
        "owner": "numtide",
        "repo": "flake-utils",
        "type": "github"
      }
    },
    "leptosfmt-src": {
      "flake": false,
      "locked": {
        "lastModified": 1738584774,
        "narHash": "sha256-HxLPweUIyFzghhq+r3ZRsIMVMJ5b4pmTOIKK3EukvoE=",
        "ref": "refs/heads/main",
        "rev": "1b6d9ada37655856a81cdb361b43b3bde10bbe1a",
        "revCount": 227,
        "submodules": true,
        "type": "git",
        "url": "https://github.com/bram209/leptosfmt"
      },
      "original": {
        "submodules": true,
        "type": "git",
        "url": "https://github.com/bram209/leptosfmt"
      }
    },
    "nixpkgs": {
      "locked": {
        "lastModified": 1741600319,
        "narHash": "sha256-9FFVNwzBlt6rYSKDTQk5F9XUZaX4U1vQLk969Hvz6OU=",
        "owner": "nixos",
        "repo": "nixpkgs",
        "rev": "daa638c9dbd3637a00ecf3bdfd75fe53ccbdb861",
        "type": "github"
      },
      "original": {
        "owner": "nixos",
        "repo": "nixpkgs",
        "type": "github"
      }
    },
    "nixpkgs_2": {
      "locked": {
        "lastModified": 1736320768,
        "narHash": "sha256-nIYdTAiKIGnFNugbomgBJR+Xv5F1ZQU+HfaBqJKroC0=",
        "owner": "NixOS",
        "repo": "nixpkgs",
        "rev": "4bc9c909d9ac828a039f288cf872d16d38185db8",
        "type": "github"
      },
      "original": {
        "owner": "NixOS",
        "ref": "nixpkgs-unstable",
        "repo": "nixpkgs",
        "type": "github"
      }
    },
    "root": {
      "inputs": {
        "flake-utils": "flake-utils",
        "nixpkgs": "nixpkgs",
        "rust-overlay": "rust-overlay",
        "rust-tools": "rust-tools",
        "tailwind-src": "tailwind-src"
      }
    },
    "rust-overlay": {
      "inputs": {
        "nixpkgs": "nixpkgs_2"
      },
      "locked": {
        "lastModified": 1741573199,
        "narHash": "sha256-A2sln1GdCf+uZ8yrERSCZUCqZ3JUlOv1WE2VFqqfaLQ=",
        "owner": "oxalica",
        "repo": "rust-overlay",
        "rev": "c777dc8a1e35407b0e80ec89817fe69970f4e81a",
        "type": "github"
      },
      "original": {
        "owner": "oxalica",
        "repo": "rust-overlay",
        "type": "github"
      }
    },
    "rust-tools": {
      "inputs": {
        "cargo-leptos-src": "cargo-leptos-src",
        "flake-utils": "flake-utils_2",
        "leptosfmt-src": "leptosfmt-src",
        "nixpkgs": [
          "nixpkgs"
        ]
      },
      "locked": {
        "dir": "rust",
        "lastModified": 1741786397,
        "narHash": "sha256-0R2PxwvUnt/2nsaFfOJHOPHXrH1zOebzDg2oYKJWrYU=",
        "owner": "pesukone",
        "repo": "flakes",
        "rev": "5c25255310aac258b83561f9f22b450611dff313",
        "type": "github"
      },
      "original": {
        "dir": "rust",
        "owner": "pesukone",
        "repo": "flakes",
        "type": "github"
      }
    },
    "systems": {
      "locked": {
        "lastModified": 1681028828,
        "narHash": "sha256-Vy1rq5AaRuLzOxct8nz4T6wlgyUR7zLU309k9mBC768=",
        "owner": "nix-systems",
        "repo": "default",
        "rev": "da67096a3b9bf56a91d16901293e51ba5b49a27e",
        "type": "github"
      },
      "original": {
        "owner": "nix-systems",
        "repo": "default",
        "type": "github"
      }
    },
    "systems_2": {
      "locked": {
        "lastModified": 1681028828,
        "narHash": "sha256-Vy1rq5AaRuLzOxct8nz4T6wlgyUR7zLU309k9mBC768=",
        "owner": "nix-systems",
        "repo": "default",
        "rev": "da67096a3b9bf56a91d16901293e51ba5b49a27e",
        "type": "github"
      },
      "original": {
        "owner": "nix-systems",
        "repo": "default",
        "type": "github"
      }
    },
    "tailwind-src": {
      "flake": false,
      "locked": {
        "narHash": "sha256-dtRuSClJfhoiVwR/0mgBgWytHTCgLPxBlq0u9om7/Jk=",
        "type": "file",
        "url": "https://github.com/tailwindlabs/tailwindcss/releases/download/v4.0.17/tailwindcss-linux-x64"
      },
      "original": {
        "type": "file",
        "url": "https://github.com/tailwindlabs/tailwindcss/releases/download/v4.0.17/tailwindcss-linux-x64"
      }
    }
  },
  "root": "root",
  "version": 7
}
