{
  "nodes": {
    "cargo-leptos-src": {
      "flake": false,
      "locked": {
        "lastModified": 1740173929,
        "narHash": "sha256-y1kja9KR39svIbvKdeMhRE2lQYYvtNAzbXQ5Zl1Ivtk=",
        "owner": "leptos-rs",
        "repo": "cargo-leptos",
        "rev": "bc2257c8ac2a979eafd529e15bfd36dc5dcca724",
        "type": "github"
      },
      "original": {
        "owner": "leptos-rs",
        "repo": "cargo-leptos",
        "type": "github"
      }
    },
    "flake-utils": {
      "inputs": {
        "systems": "systems"
      },
      "locked": {
        "lastModified": 1731533236,
        "narHash": "sha256-l0KFg5HjrsfsO/JpG+r7fRrqm12kzFHyUHqHCVpMMbI=",
        "owner": "numtide",
        "repo": "flake-utils",
        "rev": "11707dc2f618dd54ca8739b309ec4fc024de578b",
        "type": "github"
      },
      "original": {
        "owner": "numtide",
        "repo": "flake-utils",
        "type": "github"
      }
    },
    "nixpkgs": {
      "locked": {
        "lastModified": 1741600319,
        "narHash": "sha256-9FFVNwzBlt6rYSKDTQk5F9XUZaX4U1vQLk969Hvz6OU=",
        "owner": "nixos",
        "repo": "nixpkgs",
        "rev": "daa638c9dbd3637a00ecf3bdfd75fe53ccbdb861",
        "type": "github"
      },
      "original": {
        "owner": "nixos",
        "repo": "nixpkgs",
        "type": "github"
      }
    },
    "nixpkgs_2": {
      "locked": {
        "lastModified": 1736320768,
        "narHash": "sha256-nIYdTAiKIGnFNugbomgBJR+Xv5F1ZQU+HfaBqJKroC0=",
        "owner": "NixOS",
        "repo": "nixpkgs",
        "rev": "4bc9c909d9ac828a039f288cf872d16d38185db8",
        "type": "github"
      },
      "original": {
        "owner": "NixOS",
        "ref": "nixpkgs-unstable",
        "repo": "nixpkgs",
        "type": "github"
      }
    },
    "root": {
      "inputs": {
        "cargo-leptos-src": "cargo-leptos-src",
        "flake-utils": "flake-utils",
        "nixpkgs": "nixpkgs",
        "rust-overlay": "rust-overlay",
        "tailwind-src": "tailwind-src"
      }
    },
    "rust-overlay": {
      "inputs": {
        "nixpkgs": "nixpkgs_2"
      },
      "locked": {
        "lastModified": 1741573199,
        "narHash": "sha256-A2sln1GdCf+uZ8yrERSCZUCqZ3JUlOv1WE2VFqqfaLQ=",
        "owner": "oxalica",
        "repo": "rust-overlay",
        "rev": "c777dc8a1e35407b0e80ec89817fe69970f4e81a",
        "type": "github"
      },
      "original": {
        "owner": "oxalica",
        "repo": "rust-overlay",
        "type": "github"
      }
    },
    "systems": {
      "locked": {
        "lastModified": 1681028828,
        "narHash": "sha256-Vy1rq5AaRuLzOxct8nz4T6wlgyUR7zLU309k9mBC768=",
        "owner": "nix-systems",
        "repo": "default",
        "rev": "da67096a3b9bf56a91d16901293e51ba5b49a27e",
        "type": "github"
      },
      "original": {
        "owner": "nix-systems",
        "repo": "default",
        "type": "github"
      }
    },
    "tailwind-src": {
      "flake": false,
      "locked": {
        "narHash": "sha256-wA6MQkioR23dxNu4n6gWYKc/Hp6OZv6gFMz9uJyw5IE=",
        "type": "file",
        "url": "https://github.com/tailwindlabs/tailwindcss/releases/download/v4.0.12/tailwindcss-linux-x64"
      },
      "original": {
        "type": "file",
        "url": "https://github.com/tailwindlabs/tailwindcss/releases/download/v4.0.12/tailwindcss-linux-x64"
      }
    }
  },
  "root": "root",
  "version": 7
}
